// !$*UTF8*$!
{
	archiveVersion = 1;
	classes = {
	};
	objectVersion = 46;
	objects = {

/* Begin PBXBuildFile section */
		D3093E701AD1F468002CEE69 /* AppDelegate.swift in Sources */ = {isa = PBXBuildFile; fileRef = D3093E6F1AD1F468002CEE69 /* AppDelegate.swift */; };
		D3093E721AD1F468002CEE69 /* ViewController.swift in Sources */ = {isa = PBXBuildFile; fileRef = D3093E711AD1F468002CEE69 /* ViewController.swift */; };
		D3093E751AD1F468002CEE69 /* Main.storyboard in Resources */ = {isa = PBXBuildFile; fileRef = D3093E731AD1F468002CEE69 /* Main.storyboard */; };
		D3093E771AD1F468002CEE69 /* Images.xcassets in Resources */ = {isa = PBXBuildFile; fileRef = D3093E761AD1F468002CEE69 /* Images.xcassets */; };
		D3093E7A1AD1F468002CEE69 /* LaunchScreen.xib in Resources */ = {isa = PBXBuildFile; fileRef = D3093E781AD1F468002CEE69 /* LaunchScreen.xib */; };
		D3093E861AD1F468002CEE69 /* StormyTests.swift in Sources */ = {isa = PBXBuildFile; fileRef = D3093E851AD1F468002CEE69 /* StormyTests.swift */; };
/* End PBXBuildFile section */

/* Begin PBXContainerItemProxy section */
		D3093E801AD1F468002CEE69 /* PBXContainerItemProxy */ = {
			isa = PBXContainerItemProxy;
			containerPortal = D3093E621AD1F468002CEE69 /* Project object */;
			proxyType = 1;
			remoteGlobalIDString = D3093E691AD1F468002CEE69;
			remoteInfo = Stormy;
		};
/* End PBXContainerItemProxy section */

/* Begin PBXFileReference section */
		D3093E6A1AD1F468002CEE69 /* Stormy.app */ = {isa = PBXFileReference; explicitFileType = wrapper.application; includeInIndex = 0; path = Stormy.app; sourceTree = BUILT_PRODUCTS_DIR; };
		D3093E6E1AD1F468002CEE69 /* Info.plist */ = {isa = PBXFileReference; lastKnownFileType = text.plist.xml; path = Info.plist; sourceTree = "<group>"; };
		D3093E6F1AD1F468002CEE69 /* AppDelegate.swift */ = {isa = PBXFileReference; lastKnownFileType = sourcecode.swift; path = AppDelegate.swift; sourceTree = "<group>"; };
		D3093E711AD1F468002CEE69 /* ViewController.swift */ = {isa = PBXFileReference; lastKnownFileType = sourcecode.swift; path = ViewController.swift; sourceTree = "<group>"; };
		D3093E741AD1F468002CEE69 /* Base */ = {isa = PBXFileReference; lastKnownFileType = file.storyboard; name = Base; path = Base.lproj/Main.storyboard; sourceTree = "<group>"; };
		D3093E761AD1F468002CEE69 /* Images.xcassets */ = {isa = PBXFileReference; lastKnownFileType = folder.assetcatalog; path = Images.xcassets; sourceTree = "<group>"; };
		D3093E791AD1F468002CEE69 /* Base */ = {isa = PBXFileReference; lastKnownFileType = file.xib; name = Base; path = Base.lproj/LaunchScreen.xib; sourceTree = "<group>"; };
		D3093E7F1AD1F468002CEE69 /* StormyTests.xctest */ = {isa = PBXFileReference; explicitFileType = wrapper.cfbundle; includeInIndex = 0; path = StormyTests.xctest; sourceTree = BUILT_PRODUCTS_DIR; };
		D3093E841AD1F468002CEE69 /* Info.plist */ = {isa = PBXFileReference; lastKnownFileType = text.plist.xml; path = Info.plist; sourceTree = "<group>"; };
		D3093E851AD1F468002CEE69 /* StormyTests.swift */ = {isa = PBXFileReference; lastKnownFileType = sourcecode.swift; path = StormyTests.swift; sourceTree = "<group>"; };
/* End PBXFileReference section */

/* Begin PBXFrameworksBuildPhase section */
		D3093E671AD1F468002CEE69 /* Frameworks */ = {
			isa = PBXFrameworksBuildPhase;
			buildActionMask = 2147483647;
			files = (
			);
			runOnlyForDeploymentPostprocessing = 0;
		};
		D3093E7C1AD1F468002CEE69 /* Frameworks */ = {
			isa = PBXFrameworksBuildPhase;
			buildActionMask = 2147483647;
			files = (
			);
			runOnlyForDeploymentPostprocessing = 0;
		};
/* End PBXFrameworksBuildPhase section */

/* Begin PBXGroup section */
		D3093E611AD1F468002CEE69 = {
			isa = PBXGroup;
			children = (
				D3093E6C1AD1F468002CEE69 /* Stormy */,
				D3093E821AD1F468002CEE69 /* StormyTests */,
				D3093E6B1AD1F468002CEE69 /* Products */,
			);
			sourceTree = "<group>";
		};
		D3093E6B1AD1F468002CEE69 /* Products */ = {
			isa = PBXGroup;
			children = (
				D3093E6A1AD1F468002CEE69 /* Stormy.app */,
				D3093E7F1AD1F468002CEE69 /* StormyTests.xctest */,
			);
			name = Products;
			sourceTree = "<group>";
		};
		D3093E6C1AD1F468002CEE69 /* Stormy */ = {
			isa = PBXGroup;
			children = (
				D3093E6F1AD1F468002CEE69 /* AppDelegate.swift */,
				D3093E711AD1F468002CEE69 /* ViewController.swift */,
				D3093E731AD1F468002CEE69 /* Main.storyboard */,
				D3093E761AD1F468002CEE69 /* Images.xcassets */,
				D3093E781AD1F468002CEE69 /* LaunchScreen.xib */,
				D3093E6D1AD1F468002CEE69 /* Supporting Files */,
			);
			path = Stormy;
			sourceTree = "<group>";
		};
		D3093E6D1AD1F468002CEE69 /* Supporting Files */ = {
			isa = PBXGroup;
			children = (
				D3093E6E1AD1F468002CEE69 /* Info.plist */,
			);
			name = "Supporting Files";
			sourceTree = "<group>";
		};
		D3093E821AD1F468002CEE69 /* StormyTests */ = {
			isa = PBXGroup;
			children = (
				D3093E851AD1F468002CEE69 /* StormyTests.swift */,
				D3093E831AD1F468002CEE69 /* Supporting Files */,
			);
			path = StormyTests;
			sourceTree = "<group>";
		};
		D3093E831AD1F468002CEE69 /* Supporting Files */ = {
			isa = PBXGroup;
			children = (
				D3093E841AD1F468002CEE69 /* Info.plist */,
			);
			name = "Supporting Files";
			sourceTree = "<group>";
		};
/* End PBXGroup section */

/* Begin PBXNativeTarget section */
		D3093E691AD1F468002CEE69 /* Stormy */ = {
			isa = PBXNativeTarget;
			buildConfigurationList = D3093E891AD1F468002CEE69 /* Build configuration list for PBXNativeTarget "Stormy" */;
			buildPhases = (
				D3093E661AD1F468002CEE69 /* Sources */,
				D3093E671AD1F468002CEE69 /* Frameworks */,
				D3093E681AD1F468002CEE69 /* Resources */,
			);
			buildRules = (
			);
			dependencies = (
			);
			name = Stormy;
			productName = Stormy;
			productReference = D3093E6A1AD1F468002CEE69 /* Stormy.app */;
			productType = "com.apple.product-type.application";
		};
		D3093E7E1AD1F468002CEE69 /* StormyTests */ = {
			isa = PBXNativeTarget;
			buildConfigurationList = D3093E8C1AD1F468002CEE69 /* Build configuration list for PBXNativeTarget "StormyTests" */;
			buildPhases = (
				D3093E7B1AD1F468002CEE69 /* Sources */,
				D3093E7C1AD1F468002CEE69 /* Frameworks */,
				D3093E7D1AD1F468002CEE69 /* Resources */,
			);
			buildRules = (
			);
			dependencies = (
				D3093E811AD1F468002CEE69 /* PBXTargetDependency */,
			);
			name = StormyTests;
			productName = StormyTests;
			productReference = D3093E7F1AD1F468002CEE69 /* StormyTests.xctest */;
			productType = "com.apple.product-type.bundle.unit-test";
		};
/* End PBXNativeTarget section */

/* Begin PBXProject section */
		D3093E621AD1F468002CEE69 /* Project object */ = {
			isa = PBXProject;
			attributes = {
				LastUpgradeCheck = 0620;
				ORGANIZATIONNAME = "David Miller";
				TargetAttributes = {
					D3093E691AD1F468002CEE69 = {
						CreatedOnToolsVersion = 6.2;
					};
					D3093E7E1AD1F468002CEE69 = {
						CreatedOnToolsVersion = 6.2;
						TestTargetID = D3093E691AD1F468002CEE69;
					};
				};
			};
			buildConfigurationList = D3093E651AD1F468002CEE69 /* Build configuration list for PBXProject "Stormy" */;
			compatibilityVersion = "Xcode 3.2";
			developmentRegion = English;
			hasScannedForEncodings = 0;
			knownRegions = (
				en,
				Base,
			);
			mainGroup = D3093E611AD1F468002CEE69;
			productRefGroup = D3093E6B1AD1F468002CEE69 /* Products */;
			projectDirPath = "";
			projectRoot = "";
			targets = (
				D3093E691AD1F468002CEE69 /* Stormy */,
				D3093E7E1AD1F468002CEE69 /* StormyTests */,
			);
		};
/* End PBXProject section */

/* Begin PBXResourcesBuildPhase section */
		D3093E681AD1F468002CEE69 /* Resources */ = {
			isa = PBXResourcesBuildPhase;
			buildActionMask = 2147483647;
			files = (
				D3093E751AD1F468002CEE69 /* Main.storyboard in Resources */,
				D3093E7A1AD1F468002CEE69 /* LaunchScreen.xib in Resources */,
				D3093E771AD1F468002CEE69 /* Images.xcassets in Resources */,
			);
			runOnlyForDeploymentPostprocessing = 0;
		};
		D3093E7D1AD1F468002CEE69 /* Resources */ = {
			isa = PBXResourcesBuildPhase;
			buildActionMask = 2147483647;
			files = (
			);
			runOnlyForDeploymentPostprocessing = 0;
		};
/* End PBXResourcesBuildPhase section */

/* Begin PBXSourcesBuildPhase section */
		D3093E661AD1F468002CEE69 /* Sources */ = {
			isa = PBXSourcesBuildPhase;
			buildActionMask = 2147483647;
			files = (
				D3093E721AD1F468002CEE69 /* ViewController.swift in Sources */,
				D3093E701AD1F468002CEE69 /* AppDelegate.swift in Sources */,
			);
			runOnlyForDeploymentPostprocessing = 0;
		};
		D3093E7B1AD1F468002CEE69 /* Sources */ = {
			isa = PBXSourcesBuildPhase;
			buildActionMask = 2147483647;
			files = (
				D3093E861AD1F468002CEE69 /* StormyTests.swift in Sources */,
			);
			runOnlyForDeploymentPostprocessing = 0;
		};
/* End PBXSourcesBuildPhase section */

/* Begin PBXTargetDependency section */
		D3093E811AD1F468002CEE69 /* PBXTargetDependency */ = {
			isa = PBXTargetDependency;
			target = D3093E691AD1F468002CEE69 /* Stormy */;
			targetProxy = D3093E801AD1F468002CEE69 /* PBXContainerItemProxy */;
		};
/* End PBXTargetDependency section */

/* Begin PBXVariantGroup section */
		D3093E731AD1F468002CEE69 /* Main.storyboard */ = {
			isa = PBXVariantGroup;
			children = (
				D3093E741AD1F468002CEE69 /* Base */,
			);
			name = Main.storyboard;
			sourceTree = "<group>";
		};
		D3093E781AD1F468002CEE69 /* LaunchScreen.xib */ = {
			isa = PBXVariantGroup;
			children = (
				D3093E791AD1F468002CEE69 /* Base */,
			);
			name = LaunchScreen.xib;
			sourceTree = "<group>";
		};
/* End PBXVariantGroup section */

/* Begin XCBuildConfiguration section */
		D3093E871AD1F468002CEE69 /* Debug */ = {
			isa = XCBuildConfiguration;
			buildSettings = {
				ALWAYS_SEARCH_USER_PATHS = NO;
				CLANG_CXX_LANGUAGE_STANDARD = "gnu++0x";
				CLANG_CXX_LIBRARY = "libc++";
				CLANG_ENABLE_MODULES = YES;
				CLANG_ENABLE_OBJC_ARC = YES;
				CLANG_WARN_BOOL_CONVERSION = YES;
				CLANG_WARN_CONSTANT_CONVERSION = YES;
				CLANG_WARN_DIRECT_OBJC_ISA_USAGE = YES_ERROR;
				CLANG_WARN_EMPTY_BODY = YES;
				CLANG_WARN_ENUM_CONVERSION = YES;
				CLANG_WARN_INT_CONVERSION = YES;
				CLANG_WARN_OBJC_ROOT_CLASS = YES_ERROR;
				CLANG_WARN_UNREACHABLE_CODE = YES;
				CLANG_WARN__DUPLICATE_METHOD_MATCH = YES;
				"CODE_SIGN_IDENTITY[sdk=iphoneos*]" = "iPhone Developer";
				COPY_PHASE_STRIP = NO;
				ENABLE_STRICT_OBJC_MSGSEND = YES;
				GCC_C_LANGUAGE_STANDARD = gnu99;
				GCC_DYNAMIC_NO_PIC = NO;
				GCC_OPTIMIZATION_LEVEL = 0;
				GCC_PREPROCESSOR_DEFINITIONS = (
					"DEBUG=1",
					"$(inherited)",
				);
				GCC_SYMBOLS_PRIVATE_EXTERN = NO;
				GCC_WARN_64_TO_32_BIT_CONVERSION = YES;
				GCC_WARN_ABOUT_RETURN_TYPE = YES_ERROR;
				GCC_WARN_UNDECLARED_SELECTOR = YES;
				GCC_WARN_UNINITIALIZED_AUTOS = YES_AGGRESSIVE;
				GCC_WARN_UNUSED_FUNCTION = YES;
				GCC_WARN_UNUSED_VARIABLE = YES;
				IPHONEOS_DEPLOYMENT_TARGET = 8.2;
				MTL_ENABLE_DEBUG_INFO = YES;
				ONLY_ACTIVE_ARCH = YES;
				SDKROOT = iphoneos;
				SWIFT_OPTIMIZATION_LEVEL = "-Onone";
			};
			name = Debug;
		};
		D3093E881AD1F468002CEE69 /* Release */ = {
			isa = XCBuildConfiguration;
			buildSettings = {
				ALWAYS_SEARCH_USER_PATHS = NO;
				CLANG_CXX_LANGUAGE_STANDARD = "gnu++0x";
				CLANG_CXX_LIBRARY = "libc++";
				CLANG_ENABLE_MODULES = YES;
				CLANG_ENABLE_OBJC_ARC = YES;
				CLANG_WARN_BOOL_CONVERSION = YES;
				CLANG_WARN_CONSTANT_CONVERSION = YES;
				CLANG_WARN_DIRECT_OBJC_ISA_USAGE = YES_ERROR;
				CLANG_WARN_EMPTY_BODY = YES;
				CLANG_WARN_ENUM_CONVERSION = YES;
				CLANG_WARN_INT_CONVERSION = YES;
				CLANG_WARN_OBJC_ROOT_CLASS = YES_ERROR;
				CLANG_WARN_UNREACHABLE_CODE = YES;
				CLANG_WARN__DUPLICATE_METHOD_MATCH = YES;
				"CODE_SIGN_IDENTITY[sdk=iphoneos*]" = "iPhone Developer";
				COPY_PHASE_STRIP = NO;
				ENABLE_NS_ASSERTIONS = NO;
				ENABLE_STRICT_OBJC_MSGSEND = YES;
				GCC_C_LANGUAGE_STANDARD = gnu99;
				GCC_WARN_64_TO_32_BIT_CONVERSION = YES;
				GCC_WARN_ABOUT_RETURN_TYPE = YES_ERROR;
				GCC_WARN_UNDECLARED_SELECTOR = YES;
				GCC_WARN_UNINITIALIZED_AUTOS = YES_AGGRESSIVE;
				GCC_WARN_UNUSED_FUNCTION = YES;
				GCC_WARN_UNUSED_VARIABLE = YES;
				IPHONEOS_DEPLOYMENT_TARGET = 8.2;
				MTL_ENABLE_DEBUG_INFO = NO;
				SDKROOT = iphoneos;
				VALIDATE_PRODUCT = YES;
			};
			name = Release;
		};
		D3093E8A1AD1F468002CEE69 /* Debug */ = {
			isa = XCBuildConfiguration;
			buildSettings = {
				ASSETCATALOG_COMPILER_APPICON_NAME = AppIcon;
				INFOPLIST_FILE = Stormy/Info.plist;
				LD_RUNPATH_SEARCH_PATHS = "$(inherited) @executable_path/Frameworks";
				PRODUCT_NAME = "$(TARGET_NAME)";
			};
			name = Debug;
		};
		D3093E8B1AD1F468002CEE69 /* Release */ = {
			isa = XCBuildConfiguration;
			buildSettings = {
				ASSETCATALOG_COMPILER_APPICON_NAME = AppIcon;
				INFOPLIST_FILE = Stormy/Info.plist;
				LD_RUNPATH_SEARCH_PATHS = "$(inherited) @executable_path/Frameworks";
				PRODUCT_NAME = "$(TARGET_NAME)";
			};
			name = Release;
		};
		D3093E8D1AD1F468002CEE69 /* Debug */ = {
			isa = XCBuildConfiguration;
			buildSettings = {
				BUNDLE_LOADER = "$(TEST_HOST)";
				FRAMEWORK_SEARCH_PATHS = (
					"$(SDKROOT)/Developer/Library/Frameworks",
					"$(inherited)",
				);
				GCC_PREPROCESSOR_DEFINITIONS = (
					"DEBUG=1",
					"$(inherited)",
				);
				INFOPLIST_FILE = StormyTests/Info.plist;
				LD_RUNPATH_SEARCH_PATHS = "$(inherited) @executable_path/Frameworks @loader_path/Frameworks";
				PRODUCT_NAME = "$(TARGET_NAME)";
				TEST_HOST = "$(BUILT_PRODUCTS_DIR)/Stormy.app/Stormy";
			};
			name = Debug;
		};
		D3093E8E1AD1F468002CEE69 /* Release */ = {
			isa = XCBuildConfiguration;
			buildSettings = {
				BUNDLE_LOADER = "$(TEST_HOST)";
				FRAMEWORK_SEARCH_PATHS = (
					"$(SDKROOT)/Developer/Library/Frameworks",
					"$(inherited)",
				);
				INFOPLIST_FILE = StormyTests/Info.plist;
				LD_RUNPATH_SEARCH_PATHS = "$(inherited) @executable_path/Frameworks @loader_path/Frameworks";
				PRODUCT_NAME = "$(TARGET_NAME)";
				TEST_HOST = "$(BUILT_PRODUCTS_DIR)/Stormy.app/Stormy";
			};
			name = Release;
		};
/* End XCBuildConfiguration section */

/* Begin XCConfigurationList section */
		D3093E651AD1F468002CEE69 /* Build configuration list for PBXProject "Stormy" */ = {
			isa = XCConfigurationList;
			buildConfigurations = (
				D3093E871AD1F468002CEE69 /* Debug */,
				D3093E881AD1F468002CEE69 /* Release */,
			);
			defaultConfigurationIsVisible = 0;
			defaultConfigurationName = Release;
		};
		D3093E891AD1F468002CEE69 /* Build configuration list for PBXNativeTarget "Stormy" */ = {
			isa = XCConfigurationList;
			buildConfigurations = (
				D3093E8A1AD1F468002CEE69 /* Debug */,
				D3093E8B1AD1F468002CEE69 /* Release */,
			);
			defaultConfigurationIsVisible = 0;
		};
		D3093E8C1AD1F468002CEE69 /* Build configuration list for PBXNativeTarget "StormyTests" */ = {
			isa = XCConfigurationList;
			buildConfigurations = (
				D3093E8D1AD1F468002CEE69 /* Debug */,
				D3093E8E1AD1F468002CEE69 /* Release */,
			);
			defaultConfigurationIsVisible = 0;
		};
/* End XCConfigurationList section */
	};
	rootObject = D3093E621AD1F468002CEE69 /* Project object */;
}
